
Microsoft Visual Studio Solution File, Format Version 12.00
# Visual Studio Version 16
VisualStudioVersion = 16.0.30225.117
MinimumVisualStudioVersion = 10.0.40219.1
Project("{9A19103F-16F7-4668-BE54-9A1E7A4F7556}") = "MovieStore.MVC", "MovieStore.MVC\MovieStore.MVC.csproj", "{E72F60EA-454C-4105-903F-B74C8638C792}"
EndProject
Project("{9A19103F-16F7-4668-BE54-9A1E7A4F7556}") = "MovieStore.Infrastructure", "MovieStore.Infrastructure\MovieStore.Infrastructure.csproj", "{3B7619D2-C00D-422C-94A1-4362EBB149A2}"
EndProject
Project("{9A19103F-16F7-4668-BE54-9A1E7A4F7556}") = "MovieStore.Core", "MovieStore.Core\MovieStore.Core.csproj", "{0C5563B8-1364-4399-BF37-12A5530FA34F}"
EndProject
Global
	GlobalSection(SolutionConfigurationPlatforms) = preSolution
		Debug|Any CPU = Debug|Any CPU
		Release|Any CPU = Release|Any CPU
	EndGlobalSection
	GlobalSection(ProjectConfigurationPlatforms) = postSolution
		{E72F60EA-454C-4105-903F-B74C8638C792}.Debug|Any CPU.ActiveCfg = Debug|Any CPU
		{E72F60EA-454C-4105-903F-B74C8638C792}.Debug|Any CPU.Build.0 = Debug|Any CPU
		{E72F60EA-454C-4105-903F-B74C8638C792}.Release|Any CPU.ActiveCfg = Release|Any CPU
		{E72F60EA-454C-4105-903F-B74C8638C792}.Release|Any CPU.Build.0 = Release|Any CPU
		{3B7619D2-C00D-422C-94A1-4362EBB149A2}.Debug|Any CPU.ActiveCfg = Debug|Any CPU
		{3B7619D2-C00D-422C-94A1-4362EBB149A2}.Debug|Any CPU.Build.0 = Debug|Any CPU
		{3B7619D2-C00D-422C-94A1-4362EBB149A2}.Release|Any CPU.ActiveCfg = Release|Any CPU
		{3B7619D2-C00D-422C-94A1-4362EBB149A2}.Release|Any CPU.Build.0 = Release|Any CPU
		{0C5563B8-1364-4399-BF37-12A5530FA34F}.Debug|Any CPU.ActiveCfg = Debug|Any CPU
		{0C5563B8-1364-4399-BF37-12A5530FA34F}.Debug|Any CPU.Build.0 = Debug|Any CPU
		{0C5563B8-1364-4399-BF37-12A5530FA34F}.Release|Any CPU.ActiveCfg = Release|Any CPU
		{0C5563B8-1364-4399-BF37-12A5530FA34F}.Release|Any CPU.Build.0 = Release|Any CPU
	EndGlobalSection
	GlobalSection(SolutionProperties) = preSolution
		HideSolutionNode = FALSE
	EndGlobalSection
	GlobalSection(ExtensibilityGlobals) = postSolution
		SolutionGuid = {E38A22F7-923D-41E1-9725-958526EE0218}
	EndGlobalSection
EndGlobal
