
Microsoft Visual Studio Solution File, Format Version 12.00
# Visual Studio Version 16
VisualStudioVersion = 16.0.30320.27
MinimumVisualStudioVersion = 10.0.40219.1
Project("{9A19103F-16F7-4668-BE54-9A1E7A4F7556}") = "MovieStore.Core", "MovieStore.Core.csproj", "{CC269C8D-6936-4A7F-AB38-FCF9EB509067}"
EndProject
Global
	GlobalSection(SolutionConfigurationPlatforms) = preSolution
		Debug|Any CPU = Debug|Any CPU
		Release|Any CPU = Release|Any CPU
	EndGlobalSection
	GlobalSection(ProjectConfigurationPlatforms) = postSolution
		{CC269C8D-6936-4A7F-AB38-FCF9EB509067}.Debug|Any CPU.ActiveCfg = Debug|Any CPU
		{CC269C8D-6936-4A7F-AB38-FCF9EB509067}.Debug|Any CPU.Build.0 = Debug|Any CPU
		{CC269C8D-6936-4A7F-AB38-FCF9EB509067}.Release|Any CPU.ActiveCfg = Release|Any CPU
		{CC269C8D-6936-4A7F-AB38-FCF9EB509067}.Release|Any CPU.Build.0 = Release|Any CPU
	EndGlobalSection
	GlobalSection(SolutionProperties) = preSolution
		HideSolutionNode = FALSE
	EndGlobalSection
	GlobalSection(ExtensibilityGlobals) = postSolution
		SolutionGuid = {7B2D1457-D793-4CB1-B720-BBE1287CA568}
	EndGlobalSection
EndGlobal
